
Microsoft Visual Studio Solution File, Format Version 12.00
# Visual Studio Version 16
VisualStudioVersion = 16.0.31911.196
MinimumVisualStudioVersion = 10.0.40219.1
Project("{FAE04EC0-301F-11D3-BF4B-00C04F79EFBC}") = "SquareInvaders", "SquareInvaders.csproj", "{7214A2D8-1AC0-485D-B1EF-A1226149769D}"
EndProject
Global
	GlobalSection(SolutionConfigurationPlatforms) = preSolution
		Debug|Any CPU = Debug|Any CPU
		Release|Any CPU = Release|Any CPU
	EndGlobalSection
	GlobalSection(ProjectConfigurationPlatforms) = postSolution
		{7214A2D8-1AC0-485D-B1EF-A1226149769D}.Debug|Any CPU.ActiveCfg = Debug|Any CPU
		{7214A2D8-1AC0-485D-B1EF-A1226149769D}.Debug|Any CPU.Build.0 = Debug|Any CPU
		{7214A2D8-1AC0-485D-B1EF-A1226149769D}.Release|Any CPU.ActiveCfg = Release|Any CPU
		{7214A2D8-1AC0-485D-B1EF-A1226149769D}.Release|Any CPU.Build.0 = Release|Any CPU
	EndGlobalSection
	GlobalSection(SolutionProperties) = preSolution
		HideSolutionNode = FALSE
	EndGlobalSection
	GlobalSection(ExtensibilityGlobals) = postSolution
		SolutionGuid = {AB32C62A-EAB4-447E-9123-5F4D9FF16457}
	EndGlobalSection
EndGlobal
